
Microsoft Visual Studio Solution File, Format Version 12.00
# Visual Studio Version 17
VisualStudioVersion = 17.8.34118.251
MinimumVisualStudioVersion = 10.0.40219.1
Project("{FAE04EC0-301F-11D3-BF4B-00C04F79EFBC}") = "SimpleAppWithEmptyTemplate1", "SimpleAppWithEmptyTemplate1\SimpleAppWithEmptyTemplate1.csproj", "{FC015B29-1A55-4311-A90C-FD8927F9344B}"
EndProject
Global
	GlobalSection(SolutionConfigurationPlatforms) = preSolution
		Debug|Any CPU = Debug|Any CPU
		Release|Any CPU = Release|Any CPU
	EndGlobalSection
	GlobalSection(ProjectConfigurationPlatforms) = postSolution
		{FC015B29-1A55-4311-A90C-FD8927F9344B}.Debug|Any CPU.ActiveCfg = Debug|Any CPU
		{FC015B29-1A55-4311-A90C-FD8927F9344B}.Debug|Any CPU.Build.0 = Debug|Any CPU
		{FC015B29-1A55-4311-A90C-FD8927F9344B}.Release|Any CPU.ActiveCfg = Release|Any CPU
		{FC015B29-1A55-4311-A90C-FD8927F9344B}.Release|Any CPU.Build.0 = Release|Any CPU
	EndGlobalSection
	GlobalSection(SolutionProperties) = preSolution
		HideSolutionNode = FALSE
	EndGlobalSection
	GlobalSection(ExtensibilityGlobals) = postSolution
		SolutionGuid = {0F267698-058C-4B8D-BAC9-A99A7699CBF6}
	EndGlobalSection
EndGlobal
